
Microsoft Visual Studio Solution File, Format Version 12.00
# Visual Studio Version 16
VisualStudioVersion = 16.0.29215.179
MinimumVisualStudioVersion = 10.0.40219.1
Project("{FAE04EC0-301F-11D3-BF4B-00C04F79EFBC}") = "ConsoleApp19", "ConsoleApp19\ConsoleApp19.csproj", "{C22F6873-BB02-4E51-8CEB-7CEDA50A1C47}"
EndProject
Global
	GlobalSection(SolutionConfigurationPlatforms) = preSolution
		Debug|Any CPU = Debug|Any CPU
		Release|Any CPU = Release|Any CPU
	EndGlobalSection
	GlobalSection(ProjectConfigurationPlatforms) = postSolution
		{C22F6873-BB02-4E51-8CEB-7CEDA50A1C47}.Debug|Any CPU.ActiveCfg = Debug|Any CPU
		{C22F6873-BB02-4E51-8CEB-7CEDA50A1C47}.Debug|Any CPU.Build.0 = Debug|Any CPU
		{C22F6873-BB02-4E51-8CEB-7CEDA50A1C47}.Release|Any CPU.ActiveCfg = Release|Any CPU
		{C22F6873-BB02-4E51-8CEB-7CEDA50A1C47}.Release|Any CPU.Build.0 = Release|Any CPU
	EndGlobalSection
	GlobalSection(SolutionProperties) = preSolution
		HideSolutionNode = FALSE
	EndGlobalSection
	GlobalSection(ExtensibilityGlobals) = postSolution
		SolutionGuid = {381F8DBE-D316-4F2E-8600-33A317C079E5}
	EndGlobalSection
EndGlobal
